Microsoft Visual Studio Solution File, Format Version 11.00
# Visual Studio 2008

Project("{19D288E1-302D-2C2E-5838-B8F903AFAF76}") = "Mini Project 22", "Assembly-CSharp-firstpass.csproj", "{450675E6-38FD-5F7E-E107-D5F330900A5C}"
EndProject
Project("{19D288E1-302D-2C2E-5838-B8F903AFAF76}") = "Mini Project 22", "Assembly-CSharp.csproj", "{BCCA3E50-CCED-2AD0-33AA-4CA3EAB94155}"
EndProject
Project("{19D288E1-302D-2C2E-5838-B8F903AFAF76}") = "Mini Project 22", "Assembly-CSharp-Editor.csproj", "{4AF190CF-132F-5C22-ED90-A06EDC8EEB8F}"
EndProject
Global
	GlobalSection(SolutionConfigurationPlatforms) = preSolution
		Debug|Any CPU = Debug|Any CPU
		Release|Any CPU = Release|Any CPU
	EndGlobalSection
	GlobalSection(ProjectConfigurationPlatforms) = postSolution
		{450675E6-38FD-5F7E-E107-D5F330900A5C}.Debug|Any CPU.ActiveCfg = Debug|Any CPU
		{450675E6-38FD-5F7E-E107-D5F330900A5C}.Debug|Any CPU.Build.0 = Debug|Any CPU
		{450675E6-38FD-5F7E-E107-D5F330900A5C}.Release|Any CPU.ActiveCfg = Release|Any CPU
		{450675E6-38FD-5F7E-E107-D5F330900A5C}.Release|Any CPU.Build.0 = Release|Any CPU
		{BCCA3E50-CCED-2AD0-33AA-4CA3EAB94155}.Debug|Any CPU.ActiveCfg = Debug|Any CPU
		{BCCA3E50-CCED-2AD0-33AA-4CA3EAB94155}.Debug|Any CPU.Build.0 = Debug|Any CPU
		{BCCA3E50-CCED-2AD0-33AA-4CA3EAB94155}.Release|Any CPU.ActiveCfg = Release|Any CPU
		{BCCA3E50-CCED-2AD0-33AA-4CA3EAB94155}.Release|Any CPU.Build.0 = Release|Any CPU
		{4AF190CF-132F-5C22-ED90-A06EDC8EEB8F}.Debug|Any CPU.ActiveCfg = Debug|Any CPU
		{4AF190CF-132F-5C22-ED90-A06EDC8EEB8F}.Debug|Any CPU.Build.0 = Debug|Any CPU
		{4AF190CF-132F-5C22-ED90-A06EDC8EEB8F}.Release|Any CPU.ActiveCfg = Release|Any CPU
		{4AF190CF-132F-5C22-ED90-A06EDC8EEB8F}.Release|Any CPU.Build.0 = Release|Any CPU
	EndGlobalSection
	GlobalSection(SolutionProperties) = preSolution
		HideSolutionNode = FALSE
	EndGlobalSection
	GlobalSection(MonoDevelopProperties) = preSolution
		StartupItem = Assembly-CSharp.csproj
	EndGlobalSection
EndGlobal
