Microsoft Visual Studio Solution File, Format Version 11.00
# Visual Studio 2008

Project("{D505FCB3-4157-C64C-A59D-04AEBEB7B61F}") = "Mini Project 2", "Assembly-CSharp-firstpass.csproj", "{466A114F-357B-9EB6-CC89-BEDD2C639A62}"
EndProject
Project("{D505FCB3-4157-C64C-A59D-04AEBEB7B61F}") = "Mini Project 2", "Assembly-CSharp.csproj", "{610B716A-44D0-90D1-5A95-65ACA98D50C6}"
EndProject
Project("{D505FCB3-4157-C64C-A59D-04AEBEB7B61F}") = "Mini Project 2", "Assembly-CSharp-Editor.csproj", "{6A86190B-F01C-C359-DE25-63FBDC494106}"
EndProject
Global
	GlobalSection(SolutionConfigurationPlatforms) = preSolution
		Debug|Any CPU = Debug|Any CPU
		Release|Any CPU = Release|Any CPU
	EndGlobalSection
	GlobalSection(ProjectConfigurationPlatforms) = postSolution
		{466A114F-357B-9EB6-CC89-BEDD2C639A62}.Debug|Any CPU.ActiveCfg = Debug|Any CPU
		{466A114F-357B-9EB6-CC89-BEDD2C639A62}.Debug|Any CPU.Build.0 = Debug|Any CPU
		{466A114F-357B-9EB6-CC89-BEDD2C639A62}.Release|Any CPU.ActiveCfg = Release|Any CPU
		{466A114F-357B-9EB6-CC89-BEDD2C639A62}.Release|Any CPU.Build.0 = Release|Any CPU
		{610B716A-44D0-90D1-5A95-65ACA98D50C6}.Debug|Any CPU.ActiveCfg = Debug|Any CPU
		{610B716A-44D0-90D1-5A95-65ACA98D50C6}.Debug|Any CPU.Build.0 = Debug|Any CPU
		{610B716A-44D0-90D1-5A95-65ACA98D50C6}.Release|Any CPU.ActiveCfg = Release|Any CPU
		{610B716A-44D0-90D1-5A95-65ACA98D50C6}.Release|Any CPU.Build.0 = Release|Any CPU
		{6A86190B-F01C-C359-DE25-63FBDC494106}.Debug|Any CPU.ActiveCfg = Debug|Any CPU
		{6A86190B-F01C-C359-DE25-63FBDC494106}.Debug|Any CPU.Build.0 = Debug|Any CPU
		{6A86190B-F01C-C359-DE25-63FBDC494106}.Release|Any CPU.ActiveCfg = Release|Any CPU
		{6A86190B-F01C-C359-DE25-63FBDC494106}.Release|Any CPU.Build.0 = Release|Any CPU
	EndGlobalSection
	GlobalSection(SolutionProperties) = preSolution
		HideSolutionNode = FALSE
	EndGlobalSection
	GlobalSection(MonoDevelopProperties) = preSolution
		StartupItem = Assembly-CSharp.csproj
	EndGlobalSection
EndGlobal
